
Microsoft Visual Studio Solution File, Format Version 12.00
# Visual Studio Version 17
VisualStudioVersion = 17.4.33122.133
MinimumVisualStudioVersion = 10.0.40219.1
Project("{9A19103F-16F7-4668-BE54-9A1E7A4F7556}") = "Summator", "Summator\Summator.csproj", "{E451CD7F-4BAE-4F42-81DB-4B1AD2D2D947}"
EndProject
Project("{FAE04EC0-301F-11D3-BF4B-00C04F79EFBC}") = "Summator.Tests", "Summator.Tests\Summator.Tests.csproj", "{E1BAFFF9-6D28-4709-8FBE-3D3F8F241FBD}"
EndProject
Project("{FAE04EC0-301F-11D3-BF4B-00C04F79EFBC}") = "Summator-Test-Custom", "Summator-Test-Custom\Summator-Test-Custom.csproj", "{76FFDDCB-BA57-4D15-86EA-FE0E4333A059}"
EndProject
Global
	GlobalSection(SolutionConfigurationPlatforms) = preSolution
		Debug|Any CPU = Debug|Any CPU
		Release|Any CPU = Release|Any CPU
	EndGlobalSection
	GlobalSection(ProjectConfigurationPlatforms) = postSolution
		{E451CD7F-4BAE-4F42-81DB-4B1AD2D2D947}.Debug|Any CPU.ActiveCfg = Debug|Any CPU
		{E451CD7F-4BAE-4F42-81DB-4B1AD2D2D947}.Debug|Any CPU.Build.0 = Debug|Any CPU
		{E451CD7F-4BAE-4F42-81DB-4B1AD2D2D947}.Release|Any CPU.ActiveCfg = Release|Any CPU
		{E451CD7F-4BAE-4F42-81DB-4B1AD2D2D947}.Release|Any CPU.Build.0 = Release|Any CPU
		{E1BAFFF9-6D28-4709-8FBE-3D3F8F241FBD}.Debug|Any CPU.ActiveCfg = Debug|Any CPU
		{E1BAFFF9-6D28-4709-8FBE-3D3F8F241FBD}.Debug|Any CPU.Build.0 = Debug|Any CPU
		{E1BAFFF9-6D28-4709-8FBE-3D3F8F241FBD}.Release|Any CPU.ActiveCfg = Release|Any CPU
		{E1BAFFF9-6D28-4709-8FBE-3D3F8F241FBD}.Release|Any CPU.Build.0 = Release|Any CPU
		{76FFDDCB-BA57-4D15-86EA-FE0E4333A059}.Debug|Any CPU.ActiveCfg = Debug|Any CPU
		{76FFDDCB-BA57-4D15-86EA-FE0E4333A059}.Debug|Any CPU.Build.0 = Debug|Any CPU
		{76FFDDCB-BA57-4D15-86EA-FE0E4333A059}.Release|Any CPU.ActiveCfg = Release|Any CPU
		{76FFDDCB-BA57-4D15-86EA-FE0E4333A059}.Release|Any CPU.Build.0 = Release|Any CPU
	EndGlobalSection
	GlobalSection(SolutionProperties) = preSolution
		HideSolutionNode = FALSE
	EndGlobalSection
	GlobalSection(ExtensibilityGlobals) = postSolution
		SolutionGuid = {F0E1B201-1420-4E4B-AB11-676B25DE8C46}
	EndGlobalSection
EndGlobal
